// !$*UTF8*$!
{
	archiveVersion = 1;
	classes = {
	};
	objectVersion = 77;
	objects = {

/* Begin PBXBuildFile section */
		2260DF7D2E1A364D0008B7DE /* WidgetKit.framework in Frameworks */ = {isa = PBXBuildFile; fileRef = 2260DF7C2E1A364D0008B7DE /* WidgetKit.framework */; };
		2260DF7F2E1A364D0008B7DE /* SwiftUI.framework in Frameworks */ = {isa = PBXBuildFile; fileRef = 2260DF7E2E1A364D0008B7DE /* SwiftUI.framework */; };
		2260DF902E1A364F0008B7DE /* AudioMindWidgetExtension.appex in Embed Foundation Extensions */ = {isa = PBXBuildFile; fileRef = 2260DF7A2E1A364D0008B7DE /* AudioMindWidgetExtension.appex */; settings = {ATTRIBUTES = (RemoveHeadersOnCopy, ); }; };
/* End PBXBuildFile section */

/* Begin PBXContainerItemProxy section */
		2260DF8E2E1A364F0008B7DE /* PBXContainerItemProxy */ = {
			isa = PBXContainerItemProxy;
			containerPortal = 22783FD02E15DD330031062E /* Project object */;
			proxyType = 1;
			remoteGlobalIDString = 2260DF792E1A364D0008B7DE;
			remoteInfo = AudioMindWidgetExtension;
		};
		22783FE82E15DD380031062E /* PBXContainerItemProxy */ = {
			isa = PBXContainerItemProxy;
			containerPortal = 22783FD02E15DD330031062E /* Project object */;
			proxyType = 1;
			remoteGlobalIDString = 22783FD72E15DD330031062E;
			remoteInfo = AudioMind;
		};
		22783FF22E15DD380031062E /* PBXContainerItemProxy */ = {
			isa = PBXContainerItemProxy;
			containerPortal = 22783FD02E15DD330031062E /* Project object */;
			proxyType = 1;
			remoteGlobalIDString = 22783FD72E15DD330031062E;
			remoteInfo = AudioMind;
		};
/* End PBXContainerItemProxy section */

/* Begin PBXCopyFilesBuildPhase section */
		2260DF952E1A364F0008B7DE /* Embed Foundation Extensions */ = {
			isa = PBXCopyFilesBuildPhase;
			buildActionMask = 2147483647;
			dstPath = "";
			dstSubfolderSpec = 13;
			files = (
				2260DF902E1A364F0008B7DE /* AudioMindWidgetExtension.appex in Embed Foundation Extensions */,
			);
			name = "Embed Foundation Extensions";
			runOnlyForDeploymentPostprocessing = 0;
		};
/* End PBXCopyFilesBuildPhase section */

/* Begin PBXFileReference section */
		2260DF7A2E1A364D0008B7DE /* AudioMindWidgetExtension.appex */ = {isa = PBXFileReference; explicitFileType = "wrapper.app-extension"; includeInIndex = 0; path = AudioMindWidgetExtension.appex; sourceTree = BUILT_PRODUCTS_DIR; };
		2260DF7C2E1A364D0008B7DE /* WidgetKit.framework */ = {isa = PBXFileReference; lastKnownFileType = wrapper.framework; name = WidgetKit.framework; path = System/Library/Frameworks/WidgetKit.framework; sourceTree = SDKROOT; };
		2260DF7E2E1A364D0008B7DE /* SwiftUI.framework */ = {isa = PBXFileReference; lastKnownFileType = wrapper.framework; name = SwiftUI.framework; path = System/Library/Frameworks/SwiftUI.framework; sourceTree = SDKROOT; };
		2260DF992E1A37180008B7DE /* AudioMindWidgetExtension.entitlements */ = {isa = PBXFileReference; lastKnownFileType = text.plist.entitlements; path = AudioMindWidgetExtension.entitlements; sourceTree = "<group>"; };
		22783FD82E15DD340031062E /* AudioMind.app */ = {isa = PBXFileReference; explicitFileType = wrapper.application; includeInIndex = 0; path = AudioMind.app; sourceTree = BUILT_PRODUCTS_DIR; };
		22783FE72E15DD380031062E /* AudioMindTests.xctest */ = {isa = PBXFileReference; explicitFileType = wrapper.cfbundle; includeInIndex = 0; path = AudioMindTests.xctest; sourceTree = BUILT_PRODUCTS_DIR; };
		22783FF12E15DD380031062E /* AudioMindUITests.xctest */ = {isa = PBXFileReference; explicitFileType = wrapper.cfbundle; includeInIndex = 0; path = AudioMindUITests.xctest; sourceTree = BUILT_PRODUCTS_DIR; };
/* End PBXFileReference section */

/* Begin PBXFileSystemSynchronizedBuildFileExceptionSet section */
		2260DF942E1A364F0008B7DE /* Exceptions for "AudioMindWidget" folder in "AudioMindWidgetExtension" target */ = {
			isa = PBXFileSystemSynchronizedBuildFileExceptionSet;
			membershipExceptions = (
				Info.plist,
			);
			target = 2260DF792E1A364D0008B7DE /* AudioMindWidgetExtension */;
		};
		2260DF9B2E1A39040008B7DE /* Exceptions for "AudioMind" folder in "AudioMindWidgetExtension" target */ = {
			isa = PBXFileSystemSynchronizedBuildFileExceptionSet;
			membershipExceptions = (
				Assets.xcassets,
			);
			target = 2260DF792E1A364D0008B7DE /* AudioMindWidgetExtension */;
		};
		227840052E15DDA10031062E /* Exceptions for "AudioMind" folder in "AudioMind" target */ = {
			isa = PBXFileSystemSynchronizedBuildFileExceptionSet;
			membershipExceptions = (
				Info.plist,
			);
			target = 22783FD72E15DD330031062E /* AudioMind */;
		};
/* End PBXFileSystemSynchronizedBuildFileExceptionSet section */

/* Begin PBXFileSystemSynchronizedRootGroup section */
		2260DF802E1A364D0008B7DE /* AudioMindWidget */ = {
			isa = PBXFileSystemSynchronizedRootGroup;
			exceptions = (
				2260DF942E1A364F0008B7DE /* Exceptions for "AudioMindWidget" folder in "AudioMindWidgetExtension" target */,
			);
			path = AudioMindWidget;
			sourceTree = "<group>";
		};
		22783FDA2E15DD340031062E /* AudioMind */ = {
			isa = PBXFileSystemSynchronizedRootGroup;
			exceptions = (
				227840052E15DDA10031062E /* Exceptions for "AudioMind" folder in "AudioMind" target */,
				2260DF9B2E1A39040008B7DE /* Exceptions for "AudioMind" folder in "AudioMindWidgetExtension" target */,
			);
			path = AudioMind;
			sourceTree = "<group>";
		};
		22783FEA2E15DD380031062E /* AudioMindTests */ = {
			isa = PBXFileSystemSynchronizedRootGroup;
			path = AudioMindTests;
			sourceTree = "<group>";
		};
		22783FF42E15DD380031062E /* AudioMindUITests */ = {
			isa = PBXFileSystemSynchronizedRootGroup;
			path = AudioMindUITests;
			sourceTree = "<group>";
		};
/* End PBXFileSystemSynchronizedRootGroup section */

/* Begin PBXFrameworksBuildPhase section */
		2260DF772E1A364D0008B7DE /* Frameworks */ = {
			isa = PBXFrameworksBuildPhase;
			buildActionMask = 2147483647;
			files = (
				2260DF7F2E1A364D0008B7DE /* SwiftUI.framework in Frameworks */,
				2260DF7D2E1A364D0008B7DE /* WidgetKit.framework in Frameworks */,
			);
			runOnlyForDeploymentPostprocessing = 0;
		};
		22783FD52E15DD330031062E /* Frameworks */ = {
			isa = PBXFrameworksBuildPhase;
			buildActionMask = 2147483647;
			files = (
			);
			runOnlyForDeploymentPostprocessing = 0;
		};
		22783FE42E15DD380031062E /* Frameworks */ = {
			isa = PBXFrameworksBuildPhase;
			buildActionMask = 2147483647;
			files = (
			);
			runOnlyForDeploymentPostprocessing = 0;
		};
		22783FEE2E15DD380031062E /* Frameworks */ = {
			isa = PBXFrameworksBuildPhase;
			buildActionMask = 2147483647;
			files = (
			);
			runOnlyForDeploymentPostprocessing = 0;
		};
/* End PBXFrameworksBuildPhase section */

/* Begin PBXGroup section */
		2260DF7B2E1A364D0008B7DE /* Frameworks */ = {
			isa = PBXGroup;
			children = (
				2260DF7C2E1A364D0008B7DE /* WidgetKit.framework */,
				2260DF7E2E1A364D0008B7DE /* SwiftUI.framework */,
			);
			name = Frameworks;
			sourceTree = "<group>";
		};
		22783FCF2E15DD330031062E = {
			isa = PBXGroup;
			children = (
				2260DF992E1A37180008B7DE /* AudioMindWidgetExtension.entitlements */,
				22783FDA2E15DD340031062E /* AudioMind */,
				22783FEA2E15DD380031062E /* AudioMindTests */,
				22783FF42E15DD380031062E /* AudioMindUITests */,
				2260DF802E1A364D0008B7DE /* AudioMindWidget */,
				2260DF7B2E1A364D0008B7DE /* Frameworks */,
				22783FD92E15DD340031062E /* Products */,
			);
			sourceTree = "<group>";
		};
		22783FD92E15DD340031062E /* Products */ = {
			isa = PBXGroup;
			children = (
				22783FD82E15DD340031062E /* AudioMind.app */,
				22783FE72E15DD380031062E /* AudioMindTests.xctest */,
				22783FF12E15DD380031062E /* AudioMindUITests.xctest */,
				2260DF7A2E1A364D0008B7DE /* AudioMindWidgetExtension.appex */,
			);
			name = Products;
			sourceTree = "<group>";
		};
/* End PBXGroup section */

/* Begin PBXNativeTarget section */
		2260DF792E1A364D0008B7DE /* AudioMindWidgetExtension */ = {
			isa = PBXNativeTarget;
			buildConfigurationList = 2260DF912E1A364F0008B7DE /* Build configuration list for PBXNativeTarget "AudioMindWidgetExtension" */;
			buildPhases = (
				2260DF762E1A364D0008B7DE /* Sources */,
				2260DF772E1A364D0008B7DE /* Frameworks */,
				2260DF782E1A364D0008B7DE /* Resources */,
			);
			buildRules = (
			);
			dependencies = (
			);
			fileSystemSynchronizedGroups = (
				2260DF802E1A364D0008B7DE /* AudioMindWidget */,
			);
			name = AudioMindWidgetExtension;
			packageProductDependencies = (
			);
			productName = AudioMindWidgetExtension;
			productReference = 2260DF7A2E1A364D0008B7DE /* AudioMindWidgetExtension.appex */;
			productType = "com.apple.product-type.app-extension";
		};
		22783FD72E15DD330031062E /* AudioMind */ = {
			isa = PBXNativeTarget;
			buildConfigurationList = 22783FFB2E15DD380031062E /* Build configuration list for PBXNativeTarget "AudioMind" */;
			buildPhases = (
				22783FD42E15DD330031062E /* Sources */,
				22783FD52E15DD330031062E /* Frameworks */,
				22783FD62E15DD330031062E /* Resources */,
				2260DF952E1A364F0008B7DE /* Embed Foundation Extensions */,
			);
			buildRules = (
			);
			dependencies = (
				2260DF8F2E1A364F0008B7DE /* PBXTargetDependency */,
			);
			fileSystemSynchronizedGroups = (
				22783FDA2E15DD340031062E /* AudioMind */,
			);
			name = AudioMind;
			packageProductDependencies = (
			);
			productName = AudioMind;
			productReference = 22783FD82E15DD340031062E /* AudioMind.app */;
			productType = "com.apple.product-type.application";
		};
		22783FE62E15DD380031062E /* AudioMindTests */ = {
			isa = PBXNativeTarget;
			buildConfigurationList = 22783FFE2E15DD380031062E /* Build configuration list for PBXNativeTarget "AudioMindTests" */;
			buildPhases = (
				22783FE32E15DD380031062E /* Sources */,
				22783FE42E15DD380031062E /* Frameworks */,
				22783FE52E15DD380031062E /* Resources */,
			);
			buildRules = (
			);
			dependencies = (
				22783FE92E15DD380031062E /* PBXTargetDependency */,
			);
			fileSystemSynchronizedGroups = (
				22783FEA2E15DD380031062E /* AudioMindTests */,
			);
			name = AudioMindTests;
			packageProductDependencies = (
			);
			productName = AudioMindTests;
			productReference = 22783FE72E15DD380031062E /* AudioMindTests.xctest */;
			productType = "com.apple.product-type.bundle.unit-test";
		};
		22783FF02E15DD380031062E /* AudioMindUITests */ = {
			isa = PBXNativeTarget;
			buildConfigurationList = 227840012E15DD380031062E /* Build configuration list for PBXNativeTarget "AudioMindUITests" */;
			buildPhases = (
				22783FED2E15DD380031062E /* Sources */,
				22783FEE2E15DD380031062E /* Frameworks */,
				22783FEF2E15DD380031062E /* Resources */,
			);
			buildRules = (
			);
			dependencies = (
				22783FF32E15DD380031062E /* PBXTargetDependency */,
			);
			fileSystemSynchronizedGroups = (
				22783FF42E15DD380031062E /* AudioMindUITests */,
			);
			name = AudioMindUITests;
			packageProductDependencies = (
			);
			productName = AudioMindUITests;
			productReference = 22783FF12E15DD380031062E /* AudioMindUITests.xctest */;
			productType = "com.apple.product-type.bundle.ui-testing";
		};
/* End PBXNativeTarget section */

/* Begin PBXProject section */
		22783FD02E15DD330031062E /* Project object */ = {
			isa = PBXProject;
			attributes = {
				BuildIndependentTargetsInParallel = 1;
				LastSwiftUpdateCheck = 1640;
				LastUpgradeCheck = 1640;
				TargetAttributes = {
					2260DF792E1A364D0008B7DE = {
						CreatedOnToolsVersion = 16.4;
					};
					22783FD72E15DD330031062E = {
						CreatedOnToolsVersion = 16.4;
					};
					22783FE62E15DD380031062E = {
						CreatedOnToolsVersion = 16.4;
						TestTargetID = 22783FD72E15DD330031062E;
					};
					22783FF02E15DD380031062E = {
						CreatedOnToolsVersion = 16.4;
						TestTargetID = 22783FD72E15DD330031062E;
					};
				};
			};
			buildConfigurationList = 22783FD32E15DD330031062E /* Build configuration list for PBXProject "AudioMind" */;
			developmentRegion = en;
			hasScannedForEncodings = 0;
			knownRegions = (
				en,
				Base,
			);
			mainGroup = 22783FCF2E15DD330031062E;
			minimizedProjectReferenceProxies = 1;
			preferredProjectObjectVersion = 77;
			productRefGroup = 22783FD92E15DD340031062E /* Products */;
			projectDirPath = "";
			projectRoot = "";
			targets = (
				22783FD72E15DD330031062E /* AudioMind */,
				22783FE62E15DD380031062E /* AudioMindTests */,
				22783FF02E15DD380031062E /* AudioMindUITests */,
				2260DF792E1A364D0008B7DE /* AudioMindWidgetExtension */,
			);
		};
/* End PBXProject section */

/* Begin PBXResourcesBuildPhase section */
		2260DF782E1A364D0008B7DE /* Resources */ = {
			isa = PBXResourcesBuildPhase;
			buildActionMask = 2147483647;
			files = (
			);
			runOnlyForDeploymentPostprocessing = 0;
		};
		22783FD62E15DD330031062E /* Resources */ = {
			isa = PBXResourcesBuildPhase;
			buildActionMask = 2147483647;
			files = (
			);
			runOnlyForDeploymentPostprocessing = 0;
		};
		22783FE52E15DD380031062E /* Resources */ = {
			isa = PBXResourcesBuildPhase;
			buildActionMask = 2147483647;
			files = (
			);
			runOnlyForDeploymentPostprocessing = 0;
		};
		22783FEF2E15DD380031062E /* Resources */ = {
			isa = PBXResourcesBuildPhase;
			buildActionMask = 2147483647;
			files = (
			);
			runOnlyForDeploymentPostprocessing = 0;
		};
/* End PBXResourcesBuildPhase section */

/* Begin PBXSourcesBuildPhase section */
		2260DF762E1A364D0008B7DE /* Sources */ = {
			isa = PBXSourcesBuildPhase;
			buildActionMask = 2147483647;
			files = (
			);
			runOnlyForDeploymentPostprocessing = 0;
		};
		22783FD42E15DD330031062E /* Sources */ = {
			isa = PBXSourcesBuildPhase;
			buildActionMask = 2147483647;
			files = (
			);
			runOnlyForDeploymentPostprocessing = 0;
		};
		22783FE32E15DD380031062E /* Sources */ = {
			isa = PBXSourcesBuildPhase;
			buildActionMask = 2147483647;
			files = (
			);
			runOnlyForDeploymentPostprocessing = 0;
		};
		22783FED2E15DD380031062E /* Sources */ = {
			isa = PBXSourcesBuildPhase;
			buildActionMask = 2147483647;
			files = (
			);
			runOnlyForDeploymentPostprocessing = 0;
		};
/* End PBXSourcesBuildPhase section */

/* Begin PBXTargetDependency section */
		2260DF8F2E1A364F0008B7DE /* PBXTargetDependency */ = {
			isa = PBXTargetDependency;
			target = 2260DF792E1A364D0008B7DE /* AudioMindWidgetExtension */;
			targetProxy = 2260DF8E2E1A364F0008B7DE /* PBXContainerItemProxy */;
		};
		22783FE92E15DD380031062E /* PBXTargetDependency */ = {
			isa = PBXTargetDependency;
			target = 22783FD72E15DD330031062E /* AudioMind */;
			targetProxy = 22783FE82E15DD380031062E /* PBXContainerItemProxy */;
		};
		22783FF32E15DD380031062E /* PBXTargetDependency */ = {
			isa = PBXTargetDependency;
			target = 22783FD72E15DD330031062E /* AudioMind */;
			targetProxy = 22783FF22E15DD380031062E /* PBXContainerItemProxy */;
		};
/* End PBXTargetDependency section */

/* Begin XCBuildConfiguration section */
		2260DF922E1A364F0008B7DE /* Debug */ = {
			isa = XCBuildConfiguration;
			buildSettings = {
				ASSETCATALOG_COMPILER_GLOBAL_ACCENT_COLOR_NAME = AccentColor;
				ASSETCATALOG_COMPILER_WIDGET_BACKGROUND_COLOR_NAME = WidgetBackground;
				CODE_SIGN_ENTITLEMENTS = AudioMindWidgetExtension.entitlements;
				CODE_SIGN_STYLE = Automatic;
				CURRENT_PROJECT_VERSION = 1;
				DEVELOPMENT_TEAM = U92SFGNT3C;
				GENERATE_INFOPLIST_FILE = YES;
				INFOPLIST_FILE = AudioMindWidget/Info.plist;
				INFOPLIST_KEY_CFBundleDisplayName = AudioMindWidget;
				INFOPLIST_KEY_NSHumanReadableCopyright = "";
				LD_RUNPATH_SEARCH_PATHS = (
					"$(inherited)",
					"@executable_path/Frameworks",
					"@executable_path/../../Frameworks",
				);
				MARKETING_VERSION = 1.0;
				PRODUCT_BUNDLE_IDENTIFIER = com.mirva.AudioMind.AudioMindWidget;
				PRODUCT_NAME = "$(TARGET_NAME)";
				SKIP_INSTALL = YES;
				SWIFT_EMIT_LOC_STRINGS = YES;
				SWIFT_VERSION = 5.0;
				TARGETED_DEVICE_FAMILY = "1,2";
			};
			name = Debug;
		};
		2260DF932E1A364F0008B7DE /* Release */ = {
			isa = XCBuildConfiguration;
			buildSettings = {
				ASSETCATALOG_COMPILER_GLOBAL_ACCENT_COLOR_NAME = AccentColor;
				ASSETCATALOG_COMPILER_WIDGET_BACKGROUND_COLOR_NAME = WidgetBackground;
				CODE_SIGN_ENTITLEMENTS = AudioMindWidgetExtension.entitlements;
				CODE_SIGN_STYLE = Automatic;
				CURRENT_PROJECT_VERSION = 1;
				DEVELOPMENT_TEAM = U92SFGNT3C;
				GENERATE_INFOPLIST_FILE = YES;
				INFOPLIST_FILE = AudioMindWidget/Info.plist;
				INFOPLIST_KEY_CFBundleDisplayName = AudioMindWidget;
				INFOPLIST_KEY_NSHumanReadableCopyright = "";
				LD_RUNPATH_SEARCH_PATHS = (
					"$(inherited)",
					"@executable_path/Frameworks",
					"@executable_path/../../Frameworks",
				);
				MARKETING_VERSION = 1.0;
				PRODUCT_BUNDLE_IDENTIFIER = com.mirva.AudioMind.AudioMindWidget;
				PRODUCT_NAME = "$(TARGET_NAME)";
				SKIP_INSTALL = YES;
				SWIFT_EMIT_LOC_STRINGS = YES;
				SWIFT_VERSION = 5.0;
				TARGETED_DEVICE_FAMILY = "1,2";
			};
			name = Release;
		};
		22783FF92E15DD380031062E /* Debug */ = {
			isa = XCBuildConfiguration;
			buildSettings = {
				ALWAYS_SEARCH_USER_PATHS = NO;
				ASSETCATALOG_COMPILER_GENERATE_SWIFT_ASSET_SYMBOL_EXTENSIONS = YES;
				CLANG_ANALYZER_NONNULL = YES;
				CLANG_ANALYZER_NUMBER_OBJECT_CONVERSION = YES_AGGRESSIVE;
				CLANG_CXX_LANGUAGE_STANDARD = "gnu++20";
				CLANG_ENABLE_MODULES = YES;
				CLANG_ENABLE_OBJC_ARC = YES;
				CLANG_ENABLE_OBJC_WEAK = YES;
				CLANG_WARN_BLOCK_CAPTURE_AUTORELEASING = YES;
				CLANG_WARN_BOOL_CONVERSION = YES;
				CLANG_WARN_COMMA = YES;
				CLANG_WARN_CONSTANT_CONVERSION = YES;
				CLANG_WARN_DEPRECATED_OBJC_IMPLEMENTATIONS = YES;
				CLANG_WARN_DIRECT_OBJC_ISA_USAGE = YES_ERROR;
				CLANG_WARN_DOCUMENTATION_COMMENTS = YES;
				CLANG_WARN_EMPTY_BODY = YES;
				CLANG_WARN_ENUM_CONVERSION = YES;
				CLANG_WARN_INFINITE_RECURSION = YES;
				CLANG_WARN_INT_CONVERSION = YES;
				CLANG_WARN_NON_LITERAL_NULL_CONVERSION = YES;
				CLANG_WARN_OBJC_IMPLICIT_RETAIN_SELF = YES;
				CLANG_WARN_OBJC_LITERAL_CONVERSION = YES;
				CLANG_WARN_OBJC_ROOT_CLASS = YES_ERROR;
				CLANG_WARN_QUOTED_INCLUDE_IN_FRAMEWORK_HEADER = YES;
				CLANG_WARN_RANGE_LOOP_ANALYSIS = YES;
				CLANG_WARN_STRICT_PROTOTYPES = YES;
				CLANG_WARN_SUSPICIOUS_MOVE = YES;
				CLANG_WARN_UNGUARDED_AVAILABILITY = YES_AGGRESSIVE;
				CLANG_WARN_UNREACHABLE_CODE = YES;
				CLANG_WARN__DUPLICATE_METHOD_MATCH = YES;
				COPY_PHASE_STRIP = NO;
				DEBUG_INFORMATION_FORMAT = dwarf;
				DEVELOPMENT_TEAM = U92SFGNT3C;
				ENABLE_STRICT_OBJC_MSGSEND = YES;
				ENABLE_TESTABILITY = YES;
				ENABLE_USER_SCRIPT_SANDBOXING = YES;
				GCC_C_LANGUAGE_STANDARD = gnu17;
				GCC_DYNAMIC_NO_PIC = NO;
				GCC_NO_COMMON_BLOCKS = YES;
				GCC_OPTIMIZATION_LEVEL = 0;
				GCC_PREPROCESSOR_DEFINITIONS = (
					"DEBUG=1",
					"$(inherited)",
				);
				GCC_WARN_64_TO_32_BIT_CONVERSION = YES;
				GCC_WARN_ABOUT_RETURN_TYPE = YES_ERROR;
				GCC_WARN_UNDECLARED_SELECTOR = YES;
				GCC_WARN_UNINITIALIZED_AUTOS = YES_AGGRESSIVE;
				GCC_WARN_UNUSED_FUNCTION = YES;
				GCC_WARN_UNUSED_VARIABLE = YES;
				IPHONEOS_DEPLOYMENT_TARGET = 18.5;
				LOCALIZATION_PREFERS_STRING_CATALOGS = YES;
				MTL_ENABLE_DEBUG_INFO = INCLUDE_SOURCE;
				MTL_FAST_MATH = YES;
				ONLY_ACTIVE_ARCH = YES;
				SDKROOT = iphoneos;
				SWIFT_ACTIVE_COMPILATION_CONDITIONS = "DEBUG $(inherited)";
				SWIFT_OPTIMIZATION_LEVEL = "-Onone";
			};
			name = Debug;
		};
		22783FFA2E15DD380031062E /* Release */ = {
			isa = XCBuildConfiguration;
			buildSettings = {
				ALWAYS_SEARCH_USER_PATHS = NO;
				ASSETCATALOG_COMPILER_GENERATE_SWIFT_ASSET_SYMBOL_EXTENSIONS = YES;
				CLANG_ANALYZER_NONNULL = YES;
				CLANG_ANALYZER_NUMBER_OBJECT_CONVERSION = YES_AGGRESSIVE;
				CLANG_CXX_LANGUAGE_STANDARD = "gnu++20";
				CLANG_ENABLE_MODULES = YES;
				CLANG_ENABLE_OBJC_ARC = YES;
				CLANG_ENABLE_OBJC_WEAK = YES;
				CLANG_WARN_BLOCK_CAPTURE_AUTORELEASING = YES;
				CLANG_WARN_BOOL_CONVERSION = YES;
				CLANG_WARN_COMMA = YES;
				CLANG_WARN_CONSTANT_CONVERSION = YES;
				CLANG_WARN_DEPRECATED_OBJC_IMPLEMENTATIONS = YES;
				CLANG_WARN_DIRECT_OBJC_ISA_USAGE = YES_ERROR;
				CLANG_WARN_DOCUMENTATION_COMMENTS = YES;
				CLANG_WARN_EMPTY_BODY = YES;
				CLANG_WARN_ENUM_CONVERSION = YES;
				CLANG_WARN_INFINITE_RECURSION = YES;
				CLANG_WARN_INT_CONVERSION = YES;
				CLANG_WARN_NON_LITERAL_NULL_CONVERSION = YES;
				CLANG_WARN_OBJC_IMPLICIT_RETAIN_SELF = YES;
				CLANG_WARN_OBJC_LITERAL_CONVERSION = YES;
				CLANG_WARN_OBJC_ROOT_CLASS = YES_ERROR;
				CLANG_WARN_QUOTED_INCLUDE_IN_FRAMEWORK_HEADER = YES;
				CLANG_WARN_RANGE_LOOP_ANALYSIS = YES;
				CLANG_WARN_STRICT_PROTOTYPES = YES;
				CLANG_WARN_SUSPICIOUS_MOVE = YES;
				CLANG_WARN_UNGUARDED_AVAILABILITY = YES_AGGRESSIVE;
				CLANG_WARN_UNREACHABLE_CODE = YES;
				CLANG_WARN__DUPLICATE_METHOD_MATCH = YES;
				COPY_PHASE_STRIP = NO;
				DEBUG_INFORMATION_FORMAT = "dwarf-with-dsym";
				DEVELOPMENT_TEAM = U92SFGNT3C;
				ENABLE_NS_ASSERTIONS = NO;
				ENABLE_STRICT_OBJC_MSGSEND = YES;
				ENABLE_USER_SCRIPT_SANDBOXING = YES;
				GCC_C_LANGUAGE_STANDARD = gnu17;
				GCC_NO_COMMON_BLOCKS = YES;
				GCC_WARN_64_TO_32_BIT_CONVERSION = YES;
				GCC_WARN_ABOUT_RETURN_TYPE = YES_ERROR;
				GCC_WARN_UNDECLARED_SELECTOR = YES;
				GCC_WARN_UNINITIALIZED_AUTOS = YES_AGGRESSIVE;
				GCC_WARN_UNUSED_FUNCTION = YES;
				GCC_WARN_UNUSED_VARIABLE = YES;
				IPHONEOS_DEPLOYMENT_TARGET = 18.5;
				LOCALIZATION_PREFERS_STRING_CATALOGS = YES;
				MTL_ENABLE_DEBUG_INFO = NO;
				MTL_FAST_MATH = YES;
				SDKROOT = iphoneos;
				SWIFT_COMPILATION_MODE = wholemodule;
				VALIDATE_PRODUCT = YES;
			};
			name = Release;
		};
		22783FFC2E15DD380031062E /* Debug */ = {
			isa = XCBuildConfiguration;
			buildSettings = {
				ASSETCATALOG_COMPILER_APPICON_NAME = AppIcon;
				ASSETCATALOG_COMPILER_GLOBAL_ACCENT_COLOR_NAME = AccentColor;
				CODE_SIGN_ENTITLEMENTS = AudioMind/AudioMind.entitlements;
				CODE_SIGN_STYLE = Automatic;
				CURRENT_PROJECT_VERSION = 1;
				DEVELOPMENT_TEAM = U92SFGNT3C;
				ENABLE_PREVIEWS = YES;
				GENERATE_INFOPLIST_FILE = YES;
				INFOPLIST_FILE = AudioMind/Info.plist;
				INFOPLIST_KEY_UIApplicationSceneManifest_Generation = YES;
				INFOPLIST_KEY_UIApplicationSupportsIndirectInputEvents = YES;
				INFOPLIST_KEY_UILaunchScreen_Generation = YES;
				INFOPLIST_KEY_UISupportedInterfaceOrientations_iPad = "UIInterfaceOrientationPortrait UIInterfaceOrientationPortraitUpsideDown UIInterfaceOrientationLandscapeLeft UIInterfaceOrientationLandscapeRight";
				INFOPLIST_KEY_UISupportedInterfaceOrientations_iPhone = "UIInterfaceOrientationPortrait UIInterfaceOrientationLandscapeLeft UIInterfaceOrientationLandscapeRight";
				LD_RUNPATH_SEARCH_PATHS = (
					"$(inherited)",
					"@executable_path/Frameworks",
				);
				MARKETING_VERSION = 1.0;
				PRODUCT_BUNDLE_IDENTIFIER = com.mirva.AudioMind;
				PRODUCT_NAME = "$(TARGET_NAME)";
				SWIFT_EMIT_LOC_STRINGS = YES;
				SWIFT_VERSION = 5.0;
				TARGETED_DEVICE_FAMILY = "1,2";
			};
			name = Debug;
		};
		22783FFD2E15DD380031062E /* Release */ = {
			isa = XCBuildConfiguration;
			buildSettings = {
				ASSETCATALOG_COMPILER_APPICON_NAME = AppIcon;
				ASSETCATALOG_COMPILER_GLOBAL_ACCENT_COLOR_NAME = AccentColor;
				CODE_SIGN_ENTITLEMENTS = AudioMind/AudioMind.entitlements;
				CODE_SIGN_STYLE = Automatic;
				CURRENT_PROJECT_VERSION = 1;
				DEVELOPMENT_TEAM = U92SFGNT3C;
				ENABLE_PREVIEWS = YES;
				GENERATE_INFOPLIST_FILE = YES;
				INFOPLIST_FILE = AudioMind/Info.plist;
				INFOPLIST_KEY_UIApplicationSceneManifest_Generation = YES;
				INFOPLIST_KEY_UIApplicationSupportsIndirectInputEvents = YES;
				INFOPLIST_KEY_UILaunchScreen_Generation = YES;
				INFOPLIST_KEY_UISupportedInterfaceOrientations_iPad = "UIInterfaceOrientationPortrait UIInterfaceOrientationPortraitUpsideDown UIInterfaceOrientationLandscapeLeft UIInterfaceOrientationLandscapeRight";
				INFOPLIST_KEY_UISupportedInterfaceOrientations_iPhone = "UIInterfaceOrientationPortrait UIInterfaceOrientationLandscapeLeft UIInterfaceOrientationLandscapeRight";
				LD_RUNPATH_SEARCH_PATHS = (
					"$(inherited)",
					"@executable_path/Frameworks",
				);
				MARKETING_VERSION = 1.0;
				PRODUCT_BUNDLE_IDENTIFIER = com.mirva.AudioMind;
				PRODUCT_NAME = "$(TARGET_NAME)";
				SWIFT_EMIT_LOC_STRINGS = YES;
				SWIFT_VERSION = 5.0;
				TARGETED_DEVICE_FAMILY = "1,2";
			};
			name = Release;
		};
		22783FFF2E15DD380031062E /* Debug */ = {
			isa = XCBuildConfiguration;
			buildSettings = {
				BUNDLE_LOADER = "$(TEST_HOST)";
				CODE_SIGN_STYLE = Automatic;
				CURRENT_PROJECT_VERSION = 1;
				DEVELOPMENT_TEAM = U92SFGNT3C;
				GENERATE_INFOPLIST_FILE = YES;
				IPHONEOS_DEPLOYMENT_TARGET = 18.5;
				MARKETING_VERSION = 1.0;
				PRODUCT_BUNDLE_IDENTIFIER = com.mirva.AudioMindTests;
				PRODUCT_NAME = "$(TARGET_NAME)";
				SWIFT_EMIT_LOC_STRINGS = NO;
				SWIFT_VERSION = 5.0;
				TARGETED_DEVICE_FAMILY = "1,2";
				TEST_HOST = "$(BUILT_PRODUCTS_DIR)/AudioMind.app/$(BUNDLE_EXECUTABLE_FOLDER_PATH)/AudioMind";
			};
			name = Debug;
		};
		227840002E15DD380031062E /* Release */ = {
			isa = XCBuildConfiguration;
			buildSettings = {
				BUNDLE_LOADER = "$(TEST_HOST)";
				CODE_SIGN_STYLE = Automatic;
				CURRENT_PROJECT_VERSION = 1;
				DEVELOPMENT_TEAM = U92SFGNT3C;
				GENERATE_INFOPLIST_FILE = YES;
				IPHONEOS_DEPLOYMENT_TARGET = 18.5;
				MARKETING_VERSION = 1.0;
				PRODUCT_BUNDLE_IDENTIFIER = com.mirva.AudioMindTests;
				PRODUCT_NAME = "$(TARGET_NAME)";
				SWIFT_EMIT_LOC_STRINGS = NO;
				SWIFT_VERSION = 5.0;
				TARGETED_DEVICE_FAMILY = "1,2";
				TEST_HOST = "$(BUILT_PRODUCTS_DIR)/AudioMind.app/$(BUNDLE_EXECUTABLE_FOLDER_PATH)/AudioMind";
			};
			name = Release;
		};
		227840022E15DD380031062E /* Debug */ = {
			isa = XCBuildConfiguration;
			buildSettings = {
				CODE_SIGN_STYLE = Automatic;
				CURRENT_PROJECT_VERSION = 1;
				DEVELOPMENT_TEAM = U92SFGNT3C;
				GENERATE_INFOPLIST_FILE = YES;
				MARKETING_VERSION = 1.0;
				PRODUCT_BUNDLE_IDENTIFIER = com.mirva.AudioMindUITests;
				PRODUCT_NAME = "$(TARGET_NAME)";
				SWIFT_EMIT_LOC_STRINGS = NO;
				SWIFT_VERSION = 5.0;
				TARGETED_DEVICE_FAMILY = "1,2";
				TEST_TARGET_NAME = AudioMind;
			};
			name = Debug;
		};
		227840032E15DD380031062E /* Release */ = {
			isa = XCBuildConfiguration;
			buildSettings = {
				CODE_SIGN_STYLE = Automatic;
				CURRENT_PROJECT_VERSION = 1;
				DEVELOPMENT_TEAM = U92SFGNT3C;
				GENERATE_INFOPLIST_FILE = YES;
				MARKETING_VERSION = 1.0;
				PRODUCT_BUNDLE_IDENTIFIER = com.mirva.AudioMindUITests;
				PRODUCT_NAME = "$(TARGET_NAME)";
				SWIFT_EMIT_LOC_STRINGS = NO;
				SWIFT_VERSION = 5.0;
				TARGETED_DEVICE_FAMILY = "1,2";
				TEST_TARGET_NAME = AudioMind;
			};
			name = Release;
		};
/* End XCBuildConfiguration section */

/* Begin XCConfigurationList section */
		2260DF912E1A364F0008B7DE /* Build configuration list for PBXNativeTarget "AudioMindWidgetExtension" */ = {
			isa = XCConfigurationList;
			buildConfigurations = (
				2260DF922E1A364F0008B7DE /* Debug */,
				2260DF932E1A364F0008B7DE /* Release */,
			);
			defaultConfigurationIsVisible = 0;
			defaultConfigurationName = Release;
		};
		22783FD32E15DD330031062E /* Build configuration list for PBXProject "AudioMind" */ = {
			isa = XCConfigurationList;
			buildConfigurations = (
				22783FF92E15DD380031062E /* Debug */,
				22783FFA2E15DD380031062E /* Release */,
			);
			defaultConfigurationIsVisible = 0;
			defaultConfigurationName = Release;
		};
		22783FFB2E15DD380031062E /* Build configuration list for PBXNativeTarget "AudioMind" */ = {
			isa = XCConfigurationList;
			buildConfigurations = (
				22783FFC2E15DD380031062E /* Debug */,
				22783FFD2E15DD380031062E /* Release */,
			);
			defaultConfigurationIsVisible = 0;
			defaultConfigurationName = Release;
		};
		22783FFE2E15DD380031062E /* Build configuration list for PBXNativeTarget "AudioMindTests" */ = {
			isa = XCConfigurationList;
			buildConfigurations = (
				22783FFF2E15DD380031062E /* Debug */,
				227840002E15DD380031062E /* Release */,
			);
			defaultConfigurationIsVisible = 0;
			defaultConfigurationName = Release;
		};
		227840012E15DD380031062E /* Build configuration list for PBXNativeTarget "AudioMindUITests" */ = {
			isa = XCConfigurationList;
			buildConfigurations = (
				227840022E15DD380031062E /* Debug */,
				227840032E15DD380031062E /* Release */,
			);
			defaultConfigurationIsVisible = 0;
			defaultConfigurationName = Release;
		};
/* End XCConfigurationList section */
	};
	rootObject = 22783FD02E15DD330031062E /* Project object */;
}
